
Microsoft Visual Studio Solution File, Format Version 12.00
# Visual Studio Version 17
VisualStudioVersion = 17.5.33516.290
MinimumVisualStudioVersion = 10.0.40219.1
Project("{FAE04EC0-301F-11D3-BF4B-00C04F79EFBC}") = "SigFinder", "SigFinder.csproj", "{A6579FC6-C220-4078-941E-5671061FEC68}"
EndProject
Global
        GlobalSection(SolutionConfigurationPlatforms) = preSolution
                Debug|Any CPU = Debug|Any CPU
                Release|Any CPU = Release|Any CPU
        EndGlobalSection
        GlobalSection(ProjectConfigurationPlatforms) = postSolution
                {A6579FC6-C220-4078-941E-5671061FEC68}.Debug|Any CPU.ActiveCfg = Debug|Any CPU
                {A6579FC6-C220-4078-941E-5671061FEC68}.Debug|Any CPU.Build.0 = Debug|Any CPU
                {A6579FC6-C220-4078-941E-5671061FEC68}.Release|Any CPU.ActiveCfg = Release|Any CPU
                {A6579FC6-C220-4078-941E-5671061FEC68}.Release|Any CPU.Build.0 = Release|Any CPU
        EndGlobalSection
        GlobalSection(SolutionProperties) = preSolution
                HideSolutionNode = FALSE
        EndGlobalSection
        GlobalSection(ExtensibilityGlobals) = postSolution
                SolutionGuid = {777F074D-DF22-4869-A3C8-7B03493684A6}
        EndGlobalSection
EndGlobal
